
Microsoft Visual Studio Solution File, Format Version 12.00
# Visual Studio Version 17
VisualStudioVersion = 17.11.35312.102
MinimumVisualStudioVersion = 10.0.40219.1
Project("{FAE04EC0-301F-11D3-BF4B-00C04F79EFBC}") = "CRUDHeramientas3", "CRUDHeramientas3\CRUDHeramientas3.csproj", "{F3DF7A5F-D85E-457F-A318-1E5C61390843}"
EndProject
Global
	GlobalSection(SolutionConfigurationPlatforms) = preSolution
		Debug|Any CPU = Debug|Any CPU
		Release|Any CPU = Release|Any CPU
	EndGlobalSection
	GlobalSection(ProjectConfigurationPlatforms) = postSolution
		{F3DF7A5F-D85E-457F-A318-1E5C61390843}.Debug|Any CPU.ActiveCfg = Debug|Any CPU
		{F3DF7A5F-D85E-457F-A318-1E5C61390843}.Debug|Any CPU.Build.0 = Debug|Any CPU
		{F3DF7A5F-D85E-457F-A318-1E5C61390843}.Release|Any CPU.ActiveCfg = Release|Any CPU
		{F3DF7A5F-D85E-457F-A318-1E5C61390843}.Release|Any CPU.Build.0 = Release|Any CPU
	EndGlobalSection
	GlobalSection(SolutionProperties) = preSolution
		HideSolutionNode = FALSE
	EndGlobalSection
	GlobalSection(ExtensibilityGlobals) = postSolution
		SolutionGuid = {527CA92B-9819-4871-9E56-189CE0338345}
	EndGlobalSection
EndGlobal
